# THIS IS AN AUTOGENERATED FILE. DO NOT EDIT THIS FILE DIRECTLY.
# yarn lockfile v1


"@types/node@^11.12.0":
  version "11.12.0"
  resolved "https://registry.yarnpkg.com/@types/node/-/node-11.12.0.tgz#ec5594728811dc2797e42396cfcdf786f2052c12"
  integrity sha512-Lg00egj78gM+4aE0Erw05cuDbvX9sLJbaaPwwRtdCdAMnIudqrQZ0oZX98Ek0yiSK/A2nubHgJfvII/rTT2Dwg==

arg@^4.1.0:
  version "4.1.0"
  resolved "https://registry.yarnpkg.com/arg/-/arg-4.1.0.tgz#583c518199419e0037abb74062c37f8519e575f0"
  integrity sha512-ZWc51jO3qegGkVh8Hwpv636EkbesNV5ZNQPCtRa+0qytRYPEs9IYT9qITY9buezqUH5uqyzlWLcufrzU2rffdg==

bn.js@^4.11.8:
  version "4.11.8"
  resolved "https://registry.yarnpkg.com/bn.js/-/bn.js-4.11.8.tgz#2cde09eb5ee341f484746bb0309b3253b1b1442f"
  integrity sha512-ItfYfPLkWHUjckQCk8xC+LwxgK8NYcXywGigJgSwOP8Y2iyWT4f2vsZnoOXTTbo+o5yXmIUJ4gn5538SO5S3gA==

buffer-from@^1.0.0:
  version "1.1.1"
  resolved "https://registry.yarnpkg.com/buffer-from/-/buffer-from-1.1.1.tgz#32713bc028f75c02fdb710d7c7bcec1f2c6070ef"
  integrity sha512-MQcXEUbCKtEo7bhqEs6560Hyd4XaovZlO/k9V3hjVUF/zwW7KBVdSK4gIt/bzwS9MbR5qob+F5jusZsb0YQK2A==

crypto@^1.0.1:
  version "1.0.1"
  resolved "https://registry.yarnpkg.com/crypto/-/crypto-1.0.1.tgz#2af1b7cad8175d24c8a1b0778255794a21803037"
  integrity sha512-VxBKmeNcqQdiUQUW2Tzq0t377b54N2bMtXO/qiLa+6eRRmmC4qT3D4OnTGoT/U6O9aklQ/jTwbOtRMTTY8G0Ig==

debug@^4.1.0:
  version "4.1.1"
  resolved "https://registry.yarnpkg.com/debug/-/debug-4.1.1.tgz#3b72260255109c6b589cee050f1d516139664791"
  integrity sha512-pYAIzeRo8J6KPEaJ0VWOh5Pzkbw/RetuzehGM7QRRX5he4fPHx2rdKMB256ehJCkX+XRQm16eZLqLNS8RSZXZw==
  dependencies:
    ms "^2.1.1"

diff@^3.1.0:
  version "3.5.0"
  resolved "https://registry.yarnpkg.com/diff/-/diff-3.5.0.tgz#800c0dd1e0a8bfbc95835c202ad220fe317e5a12"
  integrity sha512-A46qtFgd+g7pDZinpnwiRJtxbC1hpgf0uzP3iG89scHk0AUC7A1TGxf5OiiOUv/JMZR8GOt8hL900hV0bOy5xA==

fs@^0.0.1-security:
  version "0.0.1-security"
  resolved "https://registry.yarnpkg.com/fs/-/fs-0.0.1-security.tgz#8a7bd37186b6dddf3813f23858b57ecaaf5e41d4"
  integrity sha1-invTcYa23d84E/I4WLV+yq9eQdQ=

make-error@^1.1.1:
  version "1.3.5"
  resolved "https://registry.yarnpkg.com/make-error/-/make-error-1.3.5.tgz#efe4e81f6db28cadd605c70f29c831b58ef776c8"
  integrity sha512-c3sIjNUow0+8swNwVpqoH4YCShKNFkMaw6oH1mNS2haDZQqkeZFlHS3dhoeEbKKmJB4vXpJucU6oH75aDYeE9g==

ms@^2.1.1:
  version "2.1.1"
  resolved "https://registry.yarnpkg.com/ms/-/ms-2.1.1.tgz#30a5864eb3ebb0a66f2ebe6d727af06a09d86e0a"
  integrity sha512-tgp+dl5cGk28utYktBsrFqA7HKgrhgPsg6Z/EfhWI4gl1Hwq8B/GmY/0oXZ6nF8hDVesS/FpnYaD/kOWhYQvyg==

source-map-support@^0.5.6:
  version "0.5.11"
  resolved "https://registry.yarnpkg.com/source-map-support/-/source-map-support-0.5.11.tgz#efac2ce0800355d026326a0ca23e162aeac9a4e2"
  integrity sha512-//sajEx/fGL3iw6fltKMdPvy8kL3kJ2O3iuYlRoT3k9Kb4BjOoZ+BZzaNHeuaruSt+Kf3Zk9tnfAQg9/AJqUVQ==
  dependencies:
    buffer-from "^1.0.0"
    source-map "^0.6.0"

source-map@^0.6.0:
  version "0.6.1"
  resolved "https://registry.yarnpkg.com/source-map/-/source-map-0.6.1.tgz#74722af32e9614e9c287a8d0bbde48b5e2f1a263"
  integrity sha512-UjgapumWlbMhkBgzT7Ykc5YXUT46F0iKu8SGXq0bcwP5dz/h0Plj6enJqjz1Zbq2l5WaqYnrVbwWOWMyF3F47g==

ts-node@^8.0.3:
  version "8.0.3"
  resolved "https://registry.yarnpkg.com/ts-node/-/ts-node-8.0.3.tgz#aa60b836a24dafd8bf21b54766841a232fdbc641"
  integrity sha512-2qayBA4vdtVRuDo11DEFSsD/SFsBXQBRZZhbRGSIkmYmVkWjULn/GGMdG10KVqkaGndljfaTD8dKjWgcejO8YA==
  dependencies:
    arg "^4.1.0"
    diff "^3.1.0"
    make-error "^1.1.1"
    source-map-support "^0.5.6"
    yn "^3.0.0"

typescript@^3.2.2:
  version "3.3.4000"
  resolved "https://registry.yarnpkg.com/typescript/-/typescript-3.3.4000.tgz#76b0f89cfdbf97827e1112d64f283f1151d6adf0"
  integrity sha512-jjOcCZvpkl2+z7JFn0yBOoLQyLoIkNZAs/fYJkUG6VKy6zLPHJGfQJYFHzibB6GJaF/8QrcECtlQ5cpvRHSMEA==

yn@^3.0.0:
  version "3.0.0"
  resolved "https://registry.yarnpkg.com/yn/-/yn-3.0.0.tgz#0073c6b56e92aed652fbdfd62431f2d6b9a7a091"
  integrity sha512-+Wo/p5VRfxUgBUGy2j/6KX2mj9AYJWOHuhMjMcbBFc3y54o9/4buK1ksBvuiK01C3kby8DH9lSmJdSxw+4G/2Q==
